
Microsoft Visual Studio Solution File, Format Version 12.00
# Visual Studio Version 16
VisualStudioVersion = 16.0.32929.386
MinimumVisualStudioVersion = 10.0.40219.1
Project("{FAE04EC0-301F-11D3-BF4B-00C04F79EFBC}") = "SeleniumProjectFirst", "SeleniumProjectFirst\SeleniumProjectFirst.csproj", "{4A3DF67B-A594-439B-A6D2-6393B3FB25F8}"
EndProject
Global
	GlobalSection(SolutionConfigurationPlatforms) = preSolution
		Debug|Any CPU = Debug|Any CPU
		Release|Any CPU = Release|Any CPU
	EndGlobalSection
	GlobalSection(ProjectConfigurationPlatforms) = postSolution
		{4A3DF67B-A594-439B-A6D2-6393B3FB25F8}.Debug|Any CPU.ActiveCfg = Debug|Any CPU
		{4A3DF67B-A594-439B-A6D2-6393B3FB25F8}.Debug|Any CPU.Build.0 = Debug|Any CPU
		{4A3DF67B-A594-439B-A6D2-6393B3FB25F8}.Release|Any CPU.ActiveCfg = Release|Any CPU
		{4A3DF67B-A594-439B-A6D2-6393B3FB25F8}.Release|Any CPU.Build.0 = Release|Any CPU
	EndGlobalSection
	GlobalSection(SolutionProperties) = preSolution
		HideSolutionNode = FALSE
	EndGlobalSection
	GlobalSection(ExtensibilityGlobals) = postSolution
		SolutionGuid = {AE6FECD2-FBA3-4526-A679-875AAC6BA3BA}
	EndGlobalSection
EndGlobal
